
Microsoft Visual Studio Solution File, Format Version 12.00
# Visual Studio Version 17
VisualStudioVersion = 17.11.35208.52
MinimumVisualStudioVersion = 10.0.40219.1
Project("{FAE04EC0-301F-11D3-BF4B-00C04F79EFBC}") = "WpfApp2", "WpfApp2\WpfApp2.csproj", "{030FE596-0905-44EB-A901-11715B6C5044}"
EndProject
Project("{2150E333-8FDC-42A3-9474-1A3956D46DE8}") = "assetsCats", "assetsCats", "{1562363D-F70E-4FDA-B833-F44E78A0DF80}"
	ProjectSection(SolutionItems) = preProject
		..\..\..\Desktop\assetscats\backgroundshop.png = ..\..\..\Desktop\assetscats\backgroundshop.png
		..\..\..\Desktop\assetscats\buy.png = ..\..\..\Desktop\assetscats\buy.png
		..\..\..\Desktop\assetscats\exit.png = ..\..\..\Desktop\assetscats\exit.png
	EndProjectSection
EndProject
Global
	GlobalSection(SolutionConfigurationPlatforms) = preSolution
		Debug|Any CPU = Debug|Any CPU
		Release|Any CPU = Release|Any CPU
	EndGlobalSection
	GlobalSection(ProjectConfigurationPlatforms) = postSolution
		{030FE596-0905-44EB-A901-11715B6C5044}.Debug|Any CPU.ActiveCfg = Debug|Any CPU
		{030FE596-0905-44EB-A901-11715B6C5044}.Debug|Any CPU.Build.0 = Debug|Any CPU
		{030FE596-0905-44EB-A901-11715B6C5044}.Release|Any CPU.ActiveCfg = Release|Any CPU
		{030FE596-0905-44EB-A901-11715B6C5044}.Release|Any CPU.Build.0 = Release|Any CPU
	EndGlobalSection
	GlobalSection(SolutionProperties) = preSolution
		HideSolutionNode = FALSE
	EndGlobalSection
	GlobalSection(ExtensibilityGlobals) = postSolution
		SolutionGuid = {79F6C834-875C-46E4-AC9B-D76DBFC39DD6}
	EndGlobalSection
EndGlobal
